{
  "name": "dirsync",
  "version": "0.0.1",
  "lockfileVersion": 1,
  "requires": true,
  "dependencies": {
    "metarhia-common": {
      "version": "0.0.37",
      "resolved": "https://registry.npmjs.org/metarhia-common/-/metarhia-common-0.0.37.tgz",
      "integrity": "sha512-HY9oeeKWZMaLdyu0QPqv8DkLov0Z56QydM0JdO4kvOsHEu57Wl3SXtP7SFZhKjOrqxuzASoP+m+6nbYkM+nBxw=="
    },
    "metasync": {
      "version": "0.3.30",
      "resolved": "https://registry.npmjs.org/metasync/-/metasync-0.3.30.tgz",
      "integrity": "sha512-mtbG2o+uhuFCMqkNvHljiuGUlKvTxshl5nj9uoOApDl8y+aRTaxYJmtdmWOTH91BJ/WbXhbVlh4my4AWz0CTqA==",
      "requires": {
        "metarhia-common": "^0.0.37"
      }
    }
  }
}
